{
  "name": "gt06-server",
  "version": "1.0.0",
  "lockfileVersion": 1,
  "requires": true,
  "dependencies": {
    "gt06": {
      "version": "1.0.4",
      "resolved": "https://registry.npmjs.org/gt06/-/gt06-1.0.4.tgz",
      "integrity": "sha512-aXrMjkPI7IbqIQh98ITEc9WlyzjQSoPtdzBMtruKi11qAd5c+yoeNvO6msugdoXurZJiAA9wbIGJ4WKLwlCOKg=="
    }
  }
}
